[[package]]
name = "aiosqlite"
version = "0.16.1"
description = "asyncio bridge to the standard sqlite3 module"
category = "main"
optional = false
python-versions = ">=3.6"

[package.dependencies]
typing_extensions = ">=3.7.2"

[[package]]
name = "anyio"
version = "3.0.1"
description = "High level compatibility layer for multiple asynchronous event loop implementations"
category = "main"
optional = false
python-versions = ">=3.6.2"

[package.dependencies]
idna = ">=2.8"
sniffio = ">=1.1"
typing-extensions = {version = "*", markers = "python_version < \"3.8\""}

[package.extras]
doc = ["sphinx-rtd-theme", "sphinx-autodoc-typehints (>=1.2.0)"]
test = ["coverage[toml] (>=4.5)", "hypothesis (>=4.0)", "pytest (>=6.0)", "trustme", "uvloop (<0.15)", "uvloop (>=0.15)"]
trio = ["trio (>=0.16)"]

[[package]]
name = "atomicwrites"
version = "1.4.0"
description = "Atomic file writes."
category = "dev"
optional = false
python-versions = ">=2.7, !=3.0.*, !=3.1.*, !=3.2.*, !=3.3.*"

[[package]]
name = "attrs"
version = "20.3.0"
description = "Classes Without Boilerplate"
category = "dev"
optional = false
python-versions = ">=2.7, !=3.0.*, !=3.1.*, !=3.2.*, !=3.3.*"

[package.extras]
dev = ["coverage[toml] (>=5.0.2)", "hypothesis", "pympler", "pytest (>=4.3.0)", "six", "zope.interface", "furo", "sphinx", "pre-commit"]
docs = ["furo", "sphinx", "zope.interface"]
tests = ["coverage[toml] (>=5.0.2)", "hypothesis", "pympler", "pytest (>=4.3.0)", "six", "zope.interface"]
tests_no_zope = ["coverage[toml] (>=5.0.2)", "hypothesis", "pympler", "pytest (>=4.3.0)", "six"]

[[package]]
name = "colorama"
version = "0.4.4"
description = "Cross-platform colored terminal text."
category = "dev"
optional = false
python-versions = ">=2.7, !=3.0.*, !=3.1.*, !=3.2.*, !=3.3.*, !=3.4.*"

[[package]]
name = "eventual"
version = "0.5.0"
description = ""
category = "main"
optional = false
python-versions = ">=3.7,<4.0"

[package.dependencies]
anyio = ">=3.0.1,<4.0.0"

[package.extras]
rmq = ["eventual-rmq (>=0,<1)"]
tortoise = ["eventual-tortoise (>=0,<1)"]

[[package]]
name = "idna"
version = "3.1"
description = "Internationalized Domain Names in Applications (IDNA)"
category = "main"
optional = false
python-versions = ">=3.4"

[[package]]
name = "importlib-metadata"
version = "4.0.1"
description = "Read metadata from Python packages"
category = "dev"
optional = false
python-versions = ">=3.6"

[package.dependencies]
typing-extensions = {version = ">=3.6.4", markers = "python_version < \"3.8\""}
zipp = ">=0.5"

[package.extras]
docs = ["sphinx", "jaraco.packaging (>=8.2)", "rst.linker (>=1.9)"]
testing = ["pytest (>=4.6)", "pytest-checkdocs (>=2.4)", "pytest-flake8", "pytest-cov", "pytest-enabler (>=1.0.1)", "packaging", "pep517", "pyfakefs", "flufl.flake8", "pytest-black (>=0.3.7)", "pytest-mypy", "importlib-resources (>=1.3)"]

[[package]]
name = "iso8601"
version = "0.1.14"
description = "Simple module to parse ISO 8601 dates"
category = "main"
optional = false
python-versions = "*"

[[package]]
name = "more-itertools"
version = "8.7.0"
description = "More routines for operating on iterables, beyond itertools"
category = "dev"
optional = false
python-versions = ">=3.5"

[[package]]
name = "orjson"
version = "3.5.2"
description = "Fast, correct Python JSON library supporting dataclasses, datetimes, and numpy"
category = "main"
optional = false
python-versions = ">=3.6"

[[package]]
name = "packaging"
version = "20.9"
description = "Core utilities for Python packages"
category = "dev"
optional = false
python-versions = ">=2.7, !=3.0.*, !=3.1.*, !=3.2.*, !=3.3.*"

[package.dependencies]
pyparsing = ">=2.0.2"

[[package]]
name = "pluggy"
version = "0.13.1"
description = "plugin and hook calling mechanisms for python"
category = "dev"
optional = false
python-versions = ">=2.7, !=3.0.*, !=3.1.*, !=3.2.*, !=3.3.*"

[package.dependencies]
importlib-metadata = {version = ">=0.12", markers = "python_version < \"3.8\""}

[package.extras]
dev = ["pre-commit", "tox"]

[[package]]
name = "py"
version = "1.10.0"
description = "library with cross-python path, ini-parsing, io, code, log facilities"
category = "dev"
optional = false
python-versions = ">=2.7, !=3.0.*, !=3.1.*, !=3.2.*, !=3.3.*"

[[package]]
name = "pyparsing"
version = "2.4.7"
description = "Python parsing module"
category = "dev"
optional = false
python-versions = ">=2.6, !=3.0.*, !=3.1.*, !=3.2.*"

[[package]]
name = "pypika-tortoise"
version = "0.1.0"
description = "Forked from pypika and streamline just for tortoise-orm"
category = "main"
optional = false
python-versions = ">=3.7,<4.0"

[[package]]
name = "pytest"
version = "5.4.3"
description = "pytest: simple powerful testing with Python"
category = "dev"
optional = false
python-versions = ">=3.5"

[package.dependencies]
atomicwrites = {version = ">=1.0", markers = "sys_platform == \"win32\""}
attrs = ">=17.4.0"
colorama = {version = "*", markers = "sys_platform == \"win32\""}
importlib-metadata = {version = ">=0.12", markers = "python_version < \"3.8\""}
more-itertools = ">=4.0.0"
packaging = "*"
pluggy = ">=0.12,<1.0"
py = ">=1.5.0"
wcwidth = "*"

[package.extras]
checkqa-mypy = ["mypy (==v0.761)"]
testing = ["argcomplete", "hypothesis (>=3.56)", "mock", "nose", "requests", "xmlschema"]

[[package]]
name = "pytz"
version = "2020.5"
description = "World timezone definitions, modern and historical"
category = "main"
optional = false
python-versions = "*"

[[package]]
name = "sniffio"
version = "1.2.0"
description = "Sniff out which async library your code is running under"
category = "main"
optional = false
python-versions = ">=3.5"

[[package]]
name = "tortoise-orm"
version = "0.17.2"
description = "Easy async ORM for python, built with relations in mind"
category = "main"
optional = false
python-versions = ">=3.7,<4.0"

[package.dependencies]
aiosqlite = ">=0.16.0,<0.17.0"
iso8601 = ">=0.1.13,<0.2.0"
pypika-tortoise = ">=0.1.0,<0.2.0"
pytz = ">=2020.4,<2021.0"

[package.extras]
docs = ["pygments", "cloud-sptheme", "docutils", "sphinx"]
aiomysql = ["aiomysql"]
asyncmy = ["asyncmy"]
asyncpg = ["asyncpg"]
accel = ["ciso8601 (>=2.1.2,<3.0.0)", "python-rapidjson", "uvloop (>=0.14.0,<0.15.0)"]

[[package]]
name = "typing-extensions"
version = "3.10.0.0"
description = "Backported and Experimental Type Hints for Python 3.5+"
category = "main"
optional = false
python-versions = "*"

[[package]]
name = "wcwidth"
version = "0.2.5"
description = "Measures the displayed width of unicode strings in a terminal"
category = "dev"
optional = false
python-versions = "*"

[[package]]
name = "zipp"
version = "3.4.1"
description = "Backport of pathlib-compatible object wrapper for zip files"
category = "dev"
optional = false
python-versions = ">=3.6"

[package.extras]
docs = ["sphinx", "jaraco.packaging (>=8.2)", "rst.linker (>=1.9)"]
testing = ["pytest (>=4.6)", "pytest-checkdocs (>=1.2.3)", "pytest-flake8", "pytest-cov", "pytest-enabler", "jaraco.itertools", "func-timeout", "pytest-black (>=0.3.7)", "pytest-mypy"]

[metadata]
lock-version = "1.1"
python-versions = "^3.7"
content-hash = "09ec579476d18d6f7445f956a1582cdeb7bd744ad0d5cf6db6463f8d90dc0bf4"

[metadata.files]
aiosqlite = [
    {file = "aiosqlite-0.16.1-py3-none-any.whl", hash = "sha256:1df802815bb1e08a26c06d5ea9df589bcb8eec56e5f3378103b0f9b223c6703c"},
    {file = "aiosqlite-0.16.1.tar.gz", hash = "sha256:2e915463164efa65b60fd1901aceca829b6090082f03082618afca6fb9c8fdf7"},
]
anyio = [
    {file = "anyio-3.0.1-py3-none-any.whl", hash = "sha256:ed71f7542ef39875b65def219794d9dcb0a48c571317b13612c12b1f292701b5"},
    {file = "anyio-3.0.1.tar.gz", hash = "sha256:1ef7622396ab55829d4236a6f75e2199df6d26a4ba79bea0cb942a5fd2f79a23"},
]
atomicwrites = [
    {file = "atomicwrites-1.4.0-py2.py3-none-any.whl", hash = "sha256:6d1784dea7c0c8d4a5172b6c620f40b6e4cbfdf96d783691f2e1302a7b88e197"},
    {file = "atomicwrites-1.4.0.tar.gz", hash = "sha256:ae70396ad1a434f9c7046fd2dd196fc04b12f9e91ffb859164193be8b6168a7a"},
]
attrs = [
    {file = "attrs-20.3.0-py2.py3-none-any.whl", hash = "sha256:31b2eced602aa8423c2aea9c76a724617ed67cf9513173fd3a4f03e3a929c7e6"},
    {file = "attrs-20.3.0.tar.gz", hash = "sha256:832aa3cde19744e49938b91fea06d69ecb9e649c93ba974535d08ad92164f700"},
]
colorama = [
    {file = "colorama-0.4.4-py2.py3-none-any.whl", hash = "sha256:9f47eda37229f68eee03b24b9748937c7dc3868f906e8ba69fbcbdd3bc5dc3e2"},
    {file = "colorama-0.4.4.tar.gz", hash = "sha256:5941b2b48a20143d2267e95b1c2a7603ce057ee39fd88e7329b0c292aa16869b"},
]
eventual = [
    {file = "eventual-0.5.0-py3-none-any.whl", hash = "sha256:dad2823ef024c24526ed3b36cb39728623cc4e99c80d77b0993b123cb0d1be1e"},
    {file = "eventual-0.5.0.tar.gz", hash = "sha256:63537912d3da49ca064814ca400cd2e466b4bdc354efa9fe31262e6cb02443bf"},
]
idna = [
    {file = "idna-3.1-py3-none-any.whl", hash = "sha256:5205d03e7bcbb919cc9c19885f9920d622ca52448306f2377daede5cf3faac16"},
    {file = "idna-3.1.tar.gz", hash = "sha256:c5b02147e01ea9920e6b0a3f1f7bb833612d507592c837a6c49552768f4054e1"},
]
importlib-metadata = [
    {file = "importlib_metadata-4.0.1-py3-none-any.whl", hash = "sha256:d7eb1dea6d6a6086f8be21784cc9e3bcfa55872b52309bc5fad53a8ea444465d"},
    {file = "importlib_metadata-4.0.1.tar.gz", hash = "sha256:8c501196e49fb9df5df43833bdb1e4328f64847763ec8a50703148b73784d581"},
]
iso8601 = [
    {file = "iso8601-0.1.14-py2.py3-none-any.whl", hash = "sha256:e7e1122f064d626e17d47cd5106bed2c620cb38fe464999e0ddae2b6d2de6004"},
    {file = "iso8601-0.1.14.tar.gz", hash = "sha256:8aafd56fa0290496c5edbb13c311f78fa3a241f0853540da09d9363eae3ebd79"},
]
more-itertools = [
    {file = "more-itertools-8.7.0.tar.gz", hash = "sha256:c5d6da9ca3ff65220c3bfd2a8db06d698f05d4d2b9be57e1deb2be5a45019713"},
    {file = "more_itertools-8.7.0-py3-none-any.whl", hash = "sha256:5652a9ac72209ed7df8d9c15daf4e1aa0e3d2ccd3c87f8265a0673cd9cbc9ced"},
]
orjson = [
    {file = "orjson-3.5.2-cp310-cp310-manylinux2014_aarch64.whl", hash = "sha256:2ba4165883fbef0985bce60bddbf91bc5cea77cc22b1c12fe7a716c6323ab1e7"},
    {file = "orjson-3.5.2-cp310-cp310-manylinux2014_x86_64.whl", hash = "sha256:cee746d186ba9efa47b9d52a649ee0617456a9a4d7a2cbd3ec06330bb9cb372a"},
    {file = "orjson-3.5.2-cp36-cp36m-macosx_10_7_x86_64.whl", hash = "sha256:8591a25a31a89cf2a33e30eb516ab028bad2c72fed04e323917114aaedc07c7d"},
    {file = "orjson-3.5.2-cp36-cp36m-macosx_10_9_universal2.whl", hash = "sha256:38cb8cdbf43eafc6dcbfb10a9e63c80727bb916aee0f75caf5f90e5355b266e1"},
    {file = "orjson-3.5.2-cp36-cp36m-manylinux2014_aarch64.whl", hash = "sha256:96b403796fc7e44bae843a2a83923925fe048f3a67c10a298fdfc0ff46163c14"},
    {file = "orjson-3.5.2-cp36-cp36m-manylinux2014_x86_64.whl", hash = "sha256:5b66a62d4c0c44441b23fafcd3d0892296d9793361b14bcc5a5645c88b6a4a71"},
    {file = "orjson-3.5.2-cp36-none-win_amd64.whl", hash = "sha256:609e93919268fadb871aafb7f550c3fe8d3e8c1305cadcc1610b414113b7034e"},
    {file = "orjson-3.5.2-cp37-cp37m-macosx_10_7_x86_64.whl", hash = "sha256:200bd4491052d13696456a92d23f086b68b526c2464248733964e8165ac60888"},
    {file = "orjson-3.5.2-cp37-cp37m-macosx_10_9_universal2.whl", hash = "sha256:cc614bf6bfe0181e51dd98a9c53669f08d4d8641efbf1a287113da3059773dea"},
    {file = "orjson-3.5.2-cp37-cp37m-manylinux2014_aarch64.whl", hash = "sha256:43576bed3be300e9c02629a8d5fb3340fe6474765e6eee9610067def4b3ac19c"},
    {file = "orjson-3.5.2-cp37-cp37m-manylinux2014_x86_64.whl", hash = "sha256:acd735718b531b78858a7e932c58424c5a3e39e04d61bba3d95ce8a8498ea9e9"},
    {file = "orjson-3.5.2-cp37-none-win_amd64.whl", hash = "sha256:7503145ffd1ae90d487860b97e2867ec61c2c8f001209bb12700ba7833df8ddf"},
    {file = "orjson-3.5.2-cp38-cp38-macosx_10_7_x86_64.whl", hash = "sha256:9c37cf3dbc9c81abed04ba4854454e9f0d8ac7c05fb6c4f36545733e90be6af2"},
    {file = "orjson-3.5.2-cp38-cp38-macosx_10_9_universal2.whl", hash = "sha256:8e6ef00ddc637b7d13926aaccdabac363efdfd348c132410eb054c27e2eae6a7"},
    {file = "orjson-3.5.2-cp38-cp38-manylinux2014_aarch64.whl", hash = "sha256:9d0834ca40c6e467fa1f1db3f83a8c3562c03eb2b7067ad09de5019592edb88f"},
    {file = "orjson-3.5.2-cp38-cp38-manylinux2014_x86_64.whl", hash = "sha256:d4a2ddc6342a8280dafaa69827b387b95856ef0a6c5812fe91f5bd21ddd2ef36"},
    {file = "orjson-3.5.2-cp38-none-win_amd64.whl", hash = "sha256:f54f8bcf24812a524e8904a80a365f7a287d82fc6ebdee528149616070abe5ab"},
    {file = "orjson-3.5.2-cp39-cp39-macosx_10_7_x86_64.whl", hash = "sha256:8b429471398ea37d848fb53bca6a8c42fb776c278f4fcb6a1d651b8f1fb64947"},
    {file = "orjson-3.5.2-cp39-cp39-macosx_10_9_universal2.whl", hash = "sha256:13fd458110fbe019c2a67ee539678189444f73bc09b27983c9b42663c63e0445"},
    {file = "orjson-3.5.2-cp39-cp39-manylinux2014_aarch64.whl", hash = "sha256:8bf1145a06e1245f0c8a8c32df6ffe52d214eb4eb88c3fb32e4ed14e3dc38e0e"},
    {file = "orjson-3.5.2-cp39-cp39-manylinux2014_x86_64.whl", hash = "sha256:7e3434010e3f0680e92bb0a6094e4d5c939d0c4258c76397c6bd5263c7d62e86"},
    {file = "orjson-3.5.2-cp39-none-win_amd64.whl", hash = "sha256:df9730cc8cd22b3f54aa55317257f3279e6300157fc0f4ed4424586cd7eb012d"},
    {file = "orjson-3.5.2.tar.gz", hash = "sha256:f385253a6ddac37ea422ec2c0d35772b4f5bf0dc0803ce44543bf7e530423ef8"},
]
packaging = [
    {file = "packaging-20.9-py2.py3-none-any.whl", hash = "sha256:67714da7f7bc052e064859c05c595155bd1ee9f69f76557e21f051443c20947a"},
    {file = "packaging-20.9.tar.gz", hash = "sha256:5b327ac1320dc863dca72f4514ecc086f31186744b84a230374cc1fd776feae5"},
]
pluggy = [
    {file = "pluggy-0.13.1-py2.py3-none-any.whl", hash = "sha256:966c145cd83c96502c3c3868f50408687b38434af77734af1e9ca461a4081d2d"},
    {file = "pluggy-0.13.1.tar.gz", hash = "sha256:15b2acde666561e1298d71b523007ed7364de07029219b604cf808bfa1c765b0"},
]
py = [
    {file = "py-1.10.0-py2.py3-none-any.whl", hash = "sha256:3b80836aa6d1feeaa108e046da6423ab8f6ceda6468545ae8d02d9d58d18818a"},
    {file = "py-1.10.0.tar.gz", hash = "sha256:21b81bda15b66ef5e1a777a21c4dcd9c20ad3efd0b3f817e7a809035269e1bd3"},
]
pyparsing = [
    {file = "pyparsing-2.4.7-py2.py3-none-any.whl", hash = "sha256:ef9d7589ef3c200abe66653d3f1ab1033c3c419ae9b9bdb1240a85b024efc88b"},
    {file = "pyparsing-2.4.7.tar.gz", hash = "sha256:c203ec8783bf771a155b207279b9bccb8dea02d8f0c9e5f8ead507bc3246ecc1"},
]
pypika-tortoise = [
    {file = "pypika-tortoise-0.1.0.tar.gz", hash = "sha256:7176e98ff0cf7c311d4ba58f28f1755956265dee2f9781e65e1304a67a3e5aa5"},
    {file = "pypika_tortoise-0.1.0-py3-none-any.whl", hash = "sha256:ec83b0b2964be01ef563f5f019b0332a18177604e841c47ad39d798798c6dfe9"},
]
pytest = [
    {file = "pytest-5.4.3-py3-none-any.whl", hash = "sha256:5c0db86b698e8f170ba4582a492248919255fcd4c79b1ee64ace34301fb589a1"},
    {file = "pytest-5.4.3.tar.gz", hash = "sha256:7979331bfcba207414f5e1263b5a0f8f521d0f457318836a7355531ed1a4c7d8"},
]
pytz = [
    {file = "pytz-2020.5-py2.py3-none-any.whl", hash = "sha256:16962c5fb8db4a8f63a26646d8886e9d769b6c511543557bc84e9569fb9a9cb4"},
    {file = "pytz-2020.5.tar.gz", hash = "sha256:180befebb1927b16f6b57101720075a984c019ac16b1b7575673bea42c6c3da5"},
]
sniffio = [
    {file = "sniffio-1.2.0-py3-none-any.whl", hash = "sha256:471b71698eac1c2112a40ce2752bb2f4a4814c22a54a3eed3676bc0f5ca9f663"},
    {file = "sniffio-1.2.0.tar.gz", hash = "sha256:c4666eecec1d3f50960c6bdf61ab7bc350648da6c126e3cf6898d8cd4ddcd3de"},
]
tortoise-orm = [
    {file = "tortoise-orm-0.17.2.tar.gz", hash = "sha256:1a742b2f15a31d47a8dea7706b478cc9a7ce9af268b61d77d0fa22cfbaea271a"},
    {file = "tortoise_orm-0.17.2-py3-none-any.whl", hash = "sha256:b0c02be3800398053058377ddca91fa051eb98eebb704d2db2a3ab1c6a58e347"},
]
typing-extensions = [
    {file = "typing_extensions-3.10.0.0-py2-none-any.whl", hash = "sha256:0ac0f89795dd19de6b97debb0c6af1c70987fd80a2d62d1958f7e56fcc31b497"},
    {file = "typing_extensions-3.10.0.0-py3-none-any.whl", hash = "sha256:779383f6086d90c99ae41cf0ff39aac8a7937a9283ce0a414e5dd782f4c94a84"},
    {file = "typing_extensions-3.10.0.0.tar.gz", hash = "sha256:50b6f157849174217d0656f99dc82fe932884fb250826c18350e159ec6cdf342"},
]
wcwidth = [
    {file = "wcwidth-0.2.5-py2.py3-none-any.whl", hash = "sha256:beb4802a9cebb9144e99086eff703a642a13d6a0052920003a230f3294bbe784"},
    {file = "wcwidth-0.2.5.tar.gz", hash = "sha256:c4d647b99872929fdb7bdcaa4fbe7f01413ed3d98077df798530e5b04f116c83"},
]
zipp = [
    {file = "zipp-3.4.1-py3-none-any.whl", hash = "sha256:51cb66cc54621609dd593d1787f286ee42a5c0adbb4b29abea5a63edc3e03098"},
    {file = "zipp-3.4.1.tar.gz", hash = "sha256:3607921face881ba3e026887d8150cca609d517579abe052ac81fc5aeffdbd76"},
]
